# Run ./gradlew --write-locks to regenerate this file
com.google.code.findbugs:jsr305:3.0.2 (1 constraints: 170aecb4)
com.google.errorprone:error_prone_annotations:2.18.0 (1 constraints: 4d0a47bf)
com.google.guava:failureaccess:1.0.1 (1 constraints: 140ae1b4)
com.google.guava:guava:32.1.2-jre (1 constraints: a8066553)
com.google.guava:listenablefuture:9999.0-empty-to-avoid-conflict-with-guava (1 constraints: bd17c918)
com.google.j2objc:j2objc-annotations:2.8 (1 constraints: be09f5a0)
net.bytebuddy:byte-buddy:1.15.11 (1 constraints: 6b05a440)
org.checkerframework:checker-qual:3.33.0 (1 constraints: 4b0a46bf)
